
Microsoft Visual Studio Solution File, Format Version 12.00
# Visual Studio 15
VisualStudioVersion = 15.0.26430.16
MinimumVisualStudioVersion = 10.0.40219.1
Project("{FAE04EC0-301F-11D3-BF4B-00C04F79EFBC}") = "GameBreakersDBManagement", "GameBreakersDBManagement\GameBreakersDBManagement.csproj", "{3933C0D5-50CB-43E7-ACCC-F47CE4009276}"
EndProject
Project("{FAE04EC0-301F-11D3-BF4B-00C04F79EFBC}") = "CardScraper", "..\CC-Scraper\CardScraper\CardScraper.csproj", "{04775286-D5CA-41AF-A0FA-F1C52E3D9BDE}"
EndProject
Global
	GlobalSection(SolutionConfigurationPlatforms) = preSolution
		Debug|Any CPU = Debug|Any CPU
		Release|Any CPU = Release|Any CPU
	EndGlobalSection
	GlobalSection(ProjectConfigurationPlatforms) = postSolution
		{3933C0D5-50CB-43E7-ACCC-F47CE4009276}.Debug|Any CPU.ActiveCfg = Debug|Any CPU
		{3933C0D5-50CB-43E7-ACCC-F47CE4009276}.Debug|Any CPU.Build.0 = Debug|Any CPU
		{3933C0D5-50CB-43E7-ACCC-F47CE4009276}.Release|Any CPU.ActiveCfg = Release|Any CPU
		{3933C0D5-50CB-43E7-ACCC-F47CE4009276}.Release|Any CPU.Build.0 = Release|Any CPU
		{04775286-D5CA-41AF-A0FA-F1C52E3D9BDE}.Debug|Any CPU.ActiveCfg = Debug|Any CPU
		{04775286-D5CA-41AF-A0FA-F1C52E3D9BDE}.Debug|Any CPU.Build.0 = Debug|Any CPU
		{04775286-D5CA-41AF-A0FA-F1C52E3D9BDE}.Release|Any CPU.ActiveCfg = Release|Any CPU
		{04775286-D5CA-41AF-A0FA-F1C52E3D9BDE}.Release|Any CPU.Build.0 = Release|Any CPU
	EndGlobalSection
	GlobalSection(SolutionProperties) = preSolution
		HideSolutionNode = FALSE
	EndGlobalSection
	GlobalSection(ExtensibilityGlobals) = postSolution
		SolutionGuid = {A87E1F23-0A7D-4185-ABF6-7C1E05D55125}
	EndGlobalSection
EndGlobal
